version = 1
revision = 3
requires-python = ">=3.11"

[[package]]
name = "chrometrace"
version = "0.2.0"
source = { editable = "." }

[package.dev-dependencies]
dev = [
    { name = "mypy" },
    { name = "pytest" },
    { name = "pytest-cov" },
    { name = "pytest-sugar" },
    { name = "ruff" },
]

[package.metadata]

[package.metadata.requires-dev]
dev = [
    { name = "mypy", specifier = ">=1.18.2" },
    { name = "pytest", specifier = ">=8.2.2" },
    { name = "pytest-cov", specifier = ">=7.0.0" },
    { name = "pytest-sugar", specifier = ">=1.0.0" },
    { name = "ruff", specifier = ">=0.5.2" },
]

[[package]]
name = "colorama"
version = "0.4.6"
source = { registry = "https://pypi.org/simple" }
sdist = { url = "https://files.pythonhosted.org/packages/d8/53/6f443c9a4a8358a93a6792e2acffb9d9d5cb0a5cfd8802644b7b1c9a02e4/colorama-0.4.6.tar.gz", hash = "sha256:08695f5cb7ed6e0531a20572697297273c47b8cae5a63ffc6d6ed5c201be6e44", size = 27697, upload-time = "2022-10-25T02:36:22.414Z" }
wheels = [
    { url = "https://files.pythonhosted.org/packages/d1/d6/3965ed04c63042e047cb6a3e6ed1a63a35087b6a609aa3a15ed8ac56c221/colorama-0.4.6-py2.py3-none-any.whl", hash = "sha256:4f1d9991f5acc0ca119f9d443620b77f9d6b33703e51011c16baf57afb285fc6", size = 25335, upload-time = "2022-10-25T02:36:20.889Z" },
]

[[package]]
name = "coverage"
version = "7.10.7"
source = { registry = "https://pypi.org/simple" }
sdist = { url = "https://files.pythonhosted.org/packages/51/26/d22c300112504f5f9a9fd2297ce33c35f3d353e4aeb987c8419453b2a7c2/coverage-7.10.7.tar.gz", hash = "sha256:f4ab143ab113be368a3e9b795f9cd7906c5ef407d6173fe9675a902e1fffc239", size = 827704, upload-time = "2025-09-21T20:03:56.815Z" }
wheels = [
    { url = "https://files.pythonhosted.org/packages/d2/5d/c1a17867b0456f2e9ce2d8d4708a4c3a089947d0bec9c66cdf60c9e7739f/coverage-7.10.7-cp311-cp311-macosx_10_9_x86_64.whl", hash = "sha256:a609f9c93113be646f44c2a0256d6ea375ad047005d7f57a5c15f614dc1b2f59", size = 218102, upload-time = "2025-09-21T20:01:16.089Z" },
    { url = "https://files.pythonhosted.org/packages/54/f0/514dcf4b4e3698b9a9077f084429681bf3aad2b4a72578f89d7f643eb506/coverage-7.10.7-cp311-cp311-macosx_11_0_arm64.whl", hash = "sha256:65646bb0359386e07639c367a22cf9b5bf6304e8630b565d0626e2bdf329227a", size = 218505, upload-time = "2025-09-21T20:01:17.788Z" },
    { url = "https://files.pythonhosted.org/packages/20/f6/9626b81d17e2a4b25c63ac1b425ff307ecdeef03d67c9a147673ae40dc36/coverage-7.10.7-cp311-cp311-manylinux1_i686.manylinux_2_28_i686.manylinux_2_5_i686.whl", hash = "sha256:5f33166f0dfcce728191f520bd2692914ec70fac2713f6bf3ce59c3deacb4699", size = 248898, upload-time = "2025-09-21T20:01:19.488Z" },
    { url = "https://files.pythonhosted.org/packages/b0/ef/bd8e719c2f7417ba03239052e099b76ea1130ac0cbb183ee1fcaa58aaff3/coverage-7.10.7-cp311-cp311-manylinux1_x86_64.manylinux_2_28_x86_64.manylinux_2_5_x86_64.whl", hash = "sha256:35f5e3f9e455bb17831876048355dca0f758b6df22f49258cb5a91da23ef437d", size = 250831, upload-time = "2025-09-21T20:01:20.817Z" },
    { url = "https://files.pythonhosted.org/packages/a5/b6/bf054de41ec948b151ae2b79a55c107f5760979538f5fb80c195f2517718/coverage-7.10.7-cp311-cp311-manylinux2014_aarch64.manylinux_2_17_aarch64.manylinux_2_28_aarch64.whl", hash = "sha256:4da86b6d62a496e908ac2898243920c7992499c1712ff7c2b6d837cc69d9467e", size = 252937, upload-time = "2025-09-21T20:01:22.171Z" },
    { url = "https://files.pythonhosted.org/packages/0f/e5/3860756aa6f9318227443c6ce4ed7bf9e70bb7f1447a0353f45ac5c7974b/coverage-7.10.7-cp311-cp311-manylinux_2_31_riscv64.manylinux_2_39_riscv64.whl", hash = "sha256:6b8b09c1fad947c84bbbc95eca841350fad9cbfa5a2d7ca88ac9f8d836c92e23", size = 249021, upload-time = "2025-09-21T20:01:23.907Z" },
    { url = "https://files.pythonhosted.org/packages/26/0f/bd08bd042854f7fd07b45808927ebcce99a7ed0f2f412d11629883517ac2/coverage-7.10.7-cp311-cp311-musllinux_1_2_aarch64.whl", hash = "sha256:4376538f36b533b46f8971d3a3e63464f2c7905c9800db97361c43a2b14792ab", size = 250626, upload-time = "2025-09-21T20:01:25.721Z" },
    { url = "https://files.pythonhosted.org/packages/8e/a7/4777b14de4abcc2e80c6b1d430f5d51eb18ed1d75fca56cbce5f2db9b36e/coverage-7.10.7-cp311-cp311-musllinux_1_2_i686.whl", hash = "sha256:121da30abb574f6ce6ae09840dae322bef734480ceafe410117627aa54f76d82", size = 248682, upload-time = "2025-09-21T20:01:27.105Z" },
    { url = "https://files.pythonhosted.org/packages/34/72/17d082b00b53cd45679bad682fac058b87f011fd8b9fe31d77f5f8d3a4e4/coverage-7.10.7-cp311-cp311-musllinux_1_2_riscv64.whl", hash = "sha256:88127d40df529336a9836870436fc2751c339fbaed3a836d42c93f3e4bd1d0a2", size = 248402, upload-time = "2025-09-21T20:01:28.629Z" },
    { url = "https://files.pythonhosted.org/packages/81/7a/92367572eb5bdd6a84bfa278cc7e97db192f9f45b28c94a9ca1a921c3577/coverage-7.10.7-cp311-cp311-musllinux_1_2_x86_64.whl", hash = "sha256:ba58bbcd1b72f136080c0bccc2400d66cc6115f3f906c499013d065ac33a4b61", size = 249320, upload-time = "2025-09-21T20:01:30.004Z" },
    { url = "https://files.pythonhosted.org/packages/2f/88/a23cc185f6a805dfc4fdf14a94016835eeb85e22ac3a0e66d5e89acd6462/coverage-7.10.7-cp311-cp311-win32.whl", hash = "sha256:972b9e3a4094b053a4e46832b4bc829fc8a8d347160eb39d03f1690316a99c14", size = 220536, upload-time = "2025-09-21T20:01:32.184Z" },
    { url = "https://files.pythonhosted.org/packages/fe/ef/0b510a399dfca17cec7bc2f05ad8bd78cf55f15c8bc9a73ab20c5c913c2e/coverage-7.10.7-cp311-cp311-win_amd64.whl", hash = "sha256:a7b55a944a7f43892e28ad4bc0561dfd5f0d73e605d1aa5c3c976b52aea121d2", size = 221425, upload-time = "2025-09-21T20:01:33.557Z" },
    { url = "https://files.pythonhosted.org/packages/51/7f/023657f301a276e4ba1850f82749bc136f5a7e8768060c2e5d9744a22951/coverage-7.10.7-cp311-cp311-win_arm64.whl", hash = "sha256:736f227fb490f03c6488f9b6d45855f8e0fd749c007f9303ad30efab0e73c05a", size = 220103, upload-time = "2025-09-21T20:01:34.929Z" },
    { url = "https://files.pythonhosted.org/packages/13/e4/eb12450f71b542a53972d19117ea5a5cea1cab3ac9e31b0b5d498df1bd5a/coverage-7.10.7-cp312-cp312-macosx_10_13_x86_64.whl", hash = "sha256:7bb3b9ddb87ef7725056572368040c32775036472d5a033679d1fa6c8dc08417", size = 218290, upload-time = "2025-09-21T20:01:36.455Z" },
    { url = "https://files.pythonhosted.org/packages/37/66/593f9be12fc19fb36711f19a5371af79a718537204d16ea1d36f16bd78d2/coverage-7.10.7-cp312-cp312-macosx_11_0_arm64.whl", hash = "sha256:18afb24843cbc175687225cab1138c95d262337f5473512010e46831aa0c2973", size = 218515, upload-time = "2025-09-21T20:01:37.982Z" },
    { url = "https://files.pythonhosted.org/packages/66/80/4c49f7ae09cafdacc73fbc30949ffe77359635c168f4e9ff33c9ebb07838/coverage-7.10.7-cp312-cp312-manylinux1_i686.manylinux_2_28_i686.manylinux_2_5_i686.whl", hash = "sha256:399a0b6347bcd3822be369392932884b8216d0944049ae22925631a9b3d4ba4c", size = 250020, upload-time = "2025-09-21T20:01:39.617Z" },
    { url = "https://files.pythonhosted.org/packages/a6/90/a64aaacab3b37a17aaedd83e8000142561a29eb262cede42d94a67f7556b/coverage-7.10.7-cp312-cp312-manylinux1_x86_64.manylinux_2_28_x86_64.manylinux_2_5_x86_64.whl", hash = "sha256:314f2c326ded3f4b09be11bc282eb2fc861184bc95748ae67b360ac962770be7", size = 252769, upload-time = "2025-09-21T20:01:41.341Z" },
    { url = "https://files.pythonhosted.org/packages/98/2e/2dda59afd6103b342e096f246ebc5f87a3363b5412609946c120f4e7750d/coverage-7.10.7-cp312-cp312-manylinux2014_aarch64.manylinux_2_17_aarch64.manylinux_2_28_aarch64.whl", hash = "sha256:c41e71c9cfb854789dee6fc51e46743a6d138b1803fab6cb860af43265b42ea6", size = 253901, upload-time = "2025-09-21T20:01:43.042Z" },
    { url = "https://files.pythonhosted.org/packages/53/dc/8d8119c9051d50f3119bb4a75f29f1e4a6ab9415cd1fa8bf22fcc3fb3b5f/coverage-7.10.7-cp312-cp312-manylinux_2_31_riscv64.manylinux_2_39_riscv64.whl", hash = "sha256:bc01f57ca26269c2c706e838f6422e2a8788e41b3e3c65e2f41148212e57cd59", size = 250413, upload-time = "2025-09-21T20:01:44.469Z" },
    { url = "https://files.pythonhosted.org/packages/98/b3/edaff9c5d79ee4d4b6d3fe046f2b1d799850425695b789d491a64225d493/coverage-7.10.7-cp312-cp312-musllinux_1_2_aarch64.whl", hash = "sha256:a6442c59a8ac8b85812ce33bc4d05bde3fb22321fa8294e2a5b487c3505f611b", size = 251820, upload-time = "2025-09-21T20:01:45.915Z" },
    { url = "https://files.pythonhosted.org/packages/11/25/9a0728564bb05863f7e513e5a594fe5ffef091b325437f5430e8cfb0d530/coverage-7.10.7-cp312-cp312-musllinux_1_2_i686.whl", hash = "sha256:78a384e49f46b80fb4c901d52d92abe098e78768ed829c673fbb53c498bef73a", size = 249941, upload-time = "2025-09-21T20:01:47.296Z" },
    { url = "https://files.pythonhosted.org/packages/e0/fd/ca2650443bfbef5b0e74373aac4df67b08180d2f184b482c41499668e258/coverage-7.10.7-cp312-cp312-musllinux_1_2_riscv64.whl", hash = "sha256:5e1e9802121405ede4b0133aa4340ad8186a1d2526de5b7c3eca519db7bb89fb", size = 249519, upload-time = "2025-09-21T20:01:48.73Z" },
    { url = "https://files.pythonhosted.org/packages/24/79/f692f125fb4299b6f963b0745124998ebb8e73ecdfce4ceceb06a8c6bec5/coverage-7.10.7-cp312-cp312-musllinux_1_2_x86_64.whl", hash = "sha256:d41213ea25a86f69efd1575073d34ea11aabe075604ddf3d148ecfec9e1e96a1", size = 251375, upload-time = "2025-09-21T20:01:50.529Z" },
    { url = "https://files.pythonhosted.org/packages/5e/75/61b9bbd6c7d24d896bfeec57acba78e0f8deac68e6baf2d4804f7aae1f88/coverage-7.10.7-cp312-cp312-win32.whl", hash = "sha256:77eb4c747061a6af8d0f7bdb31f1e108d172762ef579166ec84542f711d90256", size = 220699, upload-time = "2025-09-21T20:01:51.941Z" },
    { url = "https://files.pythonhosted.org/packages/ca/f3/3bf7905288b45b075918d372498f1cf845b5b579b723c8fd17168018d5f5/coverage-7.10.7-cp312-cp312-win_amd64.whl", hash = "sha256:f51328ffe987aecf6d09f3cd9d979face89a617eacdaea43e7b3080777f647ba", size = 221512, upload-time = "2025-09-21T20:01:53.481Z" },
    { url = "https://files.pythonhosted.org/packages/5c/44/3e32dbe933979d05cf2dac5e697c8599cfe038aaf51223ab901e208d5a62/coverage-7.10.7-cp312-cp312-win_arm64.whl", hash = "sha256:bda5e34f8a75721c96085903c6f2197dc398c20ffd98df33f866a9c8fd95f4bf", size = 220147, upload-time = "2025-09-21T20:01:55.2Z" },
    { url = "https://files.pythonhosted.org/packages/9a/94/b765c1abcb613d103b64fcf10395f54d69b0ef8be6a0dd9c524384892cc7/coverage-7.10.7-cp313-cp313-macosx_10_13_x86_64.whl", hash = "sha256:981a651f543f2854abd3b5fcb3263aac581b18209be49863ba575de6edf4c14d", size = 218320, upload-time = "2025-09-21T20:01:56.629Z" },
    { url = "https://files.pythonhosted.org/packages/72/4f/732fff31c119bb73b35236dd333030f32c4bfe909f445b423e6c7594f9a2/coverage-7.10.7-cp313-cp313-macosx_11_0_arm64.whl", hash = "sha256:73ab1601f84dc804f7812dc297e93cd99381162da39c47040a827d4e8dafe63b", size = 218575, upload-time = "2025-09-21T20:01:58.203Z" },
    { url = "https://files.pythonhosted.org/packages/87/02/ae7e0af4b674be47566707777db1aa375474f02a1d64b9323e5813a6cdd5/coverage-7.10.7-cp313-cp313-manylinux1_i686.manylinux_2_28_i686.manylinux_2_5_i686.whl", hash = "sha256:a8b6f03672aa6734e700bbcd65ff050fd19cddfec4b031cc8cf1c6967de5a68e", size = 249568, upload-time = "2025-09-21T20:01:59.748Z" },
    { url = "https://files.pythonhosted.org/packages/a2/77/8c6d22bf61921a59bce5471c2f1f7ac30cd4ac50aadde72b8c48d5727902/coverage-7.10.7-cp313-cp313-manylinux1_x86_64.manylinux_2_28_x86_64.manylinux_2_5_x86_64.whl", hash = "sha256:10b6ba00ab1132a0ce4428ff68cf50a25efd6840a42cdf4239c9b99aad83be8b", size = 252174, upload-time = "2025-09-21T20:02:01.192Z" },
    { url = "https://files.pythonhosted.org/packages/b1/20/b6ea4f69bbb52dac0aebd62157ba6a9dddbfe664f5af8122dac296c3ee15/coverage-7.10.7-cp313-cp313-manylinux2014_aarch64.manylinux_2_17_aarch64.manylinux_2_28_aarch64.whl", hash = "sha256:c79124f70465a150e89340de5963f936ee97097d2ef76c869708c4248c63ca49", size = 253447, upload-time = "2025-09-21T20:02:02.701Z" },
    { url = "https://files.pythonhosted.org/packages/f9/28/4831523ba483a7f90f7b259d2018fef02cb4d5b90bc7c1505d6e5a84883c/coverage-7.10.7-cp313-cp313-manylinux_2_31_riscv64.manylinux_2_39_riscv64.whl", hash = "sha256:69212fbccdbd5b0e39eac4067e20a4a5256609e209547d86f740d68ad4f04911", size = 249779, upload-time = "2025-09-21T20:02:04.185Z" },
    { url = "https://files.pythonhosted.org/packages/a7/9f/4331142bc98c10ca6436d2d620c3e165f31e6c58d43479985afce6f3191c/coverage-7.10.7-cp313-cp313-musllinux_1_2_aarch64.whl", hash = "sha256:7ea7c6c9d0d286d04ed3541747e6597cbe4971f22648b68248f7ddcd329207f0", size = 251604, upload-time = "2025-09-21T20:02:06.034Z" },
    { url = "https://files.pythonhosted.org/packages/ce/60/bda83b96602036b77ecf34e6393a3836365481b69f7ed7079ab85048202b/coverage-7.10.7-cp313-cp313-musllinux_1_2_i686.whl", hash = "sha256:b9be91986841a75042b3e3243d0b3cb0b2434252b977baaf0cd56e960fe1e46f", size = 249497, upload-time = "2025-09-21T20:02:07.619Z" },
    { url = "https://files.pythonhosted.org/packages/5f/af/152633ff35b2af63977edd835d8e6430f0caef27d171edf2fc76c270ef31/coverage-7.10.7-cp313-cp313-musllinux_1_2_riscv64.whl", hash = "sha256:b281d5eca50189325cfe1f365fafade89b14b4a78d9b40b05ddd1fc7d2a10a9c", size = 249350, upload-time = "2025-09-21T20:02:10.34Z" },
    { url = "https://files.pythonhosted.org/packages/9d/71/d92105d122bd21cebba877228990e1646d862e34a98bb3374d3fece5a794/coverage-7.10.7-cp313-cp313-musllinux_1_2_x86_64.whl", hash = "sha256:99e4aa63097ab1118e75a848a28e40d68b08a5e19ce587891ab7fd04475e780f", size = 251111, upload-time = "2025-09-21T20:02:12.122Z" },
    { url = "https://files.pythonhosted.org/packages/a2/9e/9fdb08f4bf476c912f0c3ca292e019aab6712c93c9344a1653986c3fd305/coverage-7.10.7-cp313-cp313-win32.whl", hash = "sha256:dc7c389dce432500273eaf48f410b37886be9208b2dd5710aaf7c57fd442c698", size = 220746, upload-time = "2025-09-21T20:02:13.919Z" },
    { url = "https://files.pythonhosted.org/packages/b1/b1/a75fd25df44eab52d1931e89980d1ada46824c7a3210be0d3c88a44aaa99/coverage-7.10.7-cp313-cp313-win_amd64.whl", hash = "sha256:cac0fdca17b036af3881a9d2729a850b76553f3f716ccb0360ad4dbc06b3b843", size = 221541, upload-time = "2025-09-21T20:02:15.57Z" },
    { url = "https://files.pythonhosted.org/packages/14/3a/d720d7c989562a6e9a14b2c9f5f2876bdb38e9367126d118495b89c99c37/coverage-7.10.7-cp313-cp313-win_arm64.whl", hash = "sha256:4b6f236edf6e2f9ae8fcd1332da4e791c1b6ba0dc16a2dc94590ceccb482e546", size = 220170, upload-time = "2025-09-21T20:02:17.395Z" },
    { url = "https://files.pythonhosted.org/packages/bb/22/e04514bf2a735d8b0add31d2b4ab636fc02370730787c576bb995390d2d5/coverage-7.10.7-cp313-cp313t-macosx_10_13_x86_64.whl", hash = "sha256:a0ec07fd264d0745ee396b666d47cef20875f4ff2375d7c4f58235886cc1ef0c", size = 219029, upload-time = "2025-09-21T20:02:18.936Z" },
    { url = "https://files.pythonhosted.org/packages/11/0b/91128e099035ece15da3445d9015e4b4153a6059403452d324cbb0a575fa/coverage-7.10.7-cp313-cp313t-macosx_11_0_arm64.whl", hash = "sha256:dd5e856ebb7bfb7672b0086846db5afb4567a7b9714b8a0ebafd211ec7ce6a15", size = 219259, upload-time = "2025-09-21T20:02:20.44Z" },
    { url = "https://files.pythonhosted.org/packages/8b/51/66420081e72801536a091a0c8f8c1f88a5c4bf7b9b1bdc6222c7afe6dc9b/coverage-7.10.7-cp313-cp313t-manylinux1_i686.manylinux_2_28_i686.manylinux_2_5_i686.whl", hash = "sha256:f57b2a3c8353d3e04acf75b3fed57ba41f5c0646bbf1d10c7c282291c97936b4", size = 260592, upload-time = "2025-09-21T20:02:22.313Z" },
    { url = "https://files.pythonhosted.org/packages/5d/22/9b8d458c2881b22df3db5bb3e7369e63d527d986decb6c11a591ba2364f7/coverage-7.10.7-cp313-cp313t-manylinux1_x86_64.manylinux_2_28_x86_64.manylinux_2_5_x86_64.whl", hash = "sha256:1ef2319dd15a0b009667301a3f84452a4dc6fddfd06b0c5c53ea472d3989fbf0", size = 262768, upload-time = "2025-09-21T20:02:24.287Z" },
    { url = "https://files.pythonhosted.org/packages/f7/08/16bee2c433e60913c610ea200b276e8eeef084b0d200bdcff69920bd5828/coverage-7.10.7-cp313-cp313t-manylinux2014_aarch64.manylinux_2_17_aarch64.manylinux_2_28_aarch64.whl", hash = "sha256:83082a57783239717ceb0ad584de3c69cf581b2a95ed6bf81ea66034f00401c0", size = 264995, upload-time = "2025-09-21T20:02:26.133Z" },
    { url = "https://files.pythonhosted.org/packages/20/9d/e53eb9771d154859b084b90201e5221bca7674ba449a17c101a5031d4054/coverage-7.10.7-cp313-cp313t-manylinux_2_31_riscv64.manylinux_2_39_riscv64.whl", hash = "sha256:50aa94fb1fb9a397eaa19c0d5ec15a5edd03a47bf1a3a6111a16b36e190cff65", size = 259546, upload-time = "2025-09-21T20:02:27.716Z" },
    { url = "https://files.pythonhosted.org/packages/ad/b0/69bc7050f8d4e56a89fb550a1577d5d0d1db2278106f6f626464067b3817/coverage-7.10.7-cp313-cp313t-musllinux_1_2_aarch64.whl", hash = "sha256:2120043f147bebb41c85b97ac45dd173595ff14f2a584f2963891cbcc3091541", size = 262544, upload-time = "2025-09-21T20:02:29.216Z" },
    { url = "https://files.pythonhosted.org/packages/ef/4b/2514b060dbd1bc0aaf23b852c14bb5818f244c664cb16517feff6bb3a5ab/coverage-7.10.7-cp313-cp313t-musllinux_1_2_i686.whl", hash = "sha256:2fafd773231dd0378fdba66d339f84904a8e57a262f583530f4f156ab83863e6", size = 260308, upload-time = "2025-09-21T20:02:31.226Z" },
    { url = "https://files.pythonhosted.org/packages/54/78/7ba2175007c246d75e496f64c06e94122bdb914790a1285d627a918bd271/coverage-7.10.7-cp313-cp313t-musllinux_1_2_riscv64.whl", hash = "sha256:0b944ee8459f515f28b851728ad224fa2d068f1513ef6b7ff1efafeb2185f999", size = 258920, upload-time = "2025-09-21T20:02:32.823Z" },
    { url = "https://files.pythonhosted.org/packages/c0/b3/fac9f7abbc841409b9a410309d73bfa6cfb2e51c3fada738cb607ce174f8/coverage-7.10.7-cp313-cp313t-musllinux_1_2_x86_64.whl", hash = "sha256:4b583b97ab2e3efe1b3e75248a9b333bd3f8b0b1b8e5b45578e05e5850dfb2c2", size = 261434, upload-time = "2025-09-21T20:02:34.86Z" },
    { url = "https://files.pythonhosted.org/packages/ee/51/a03bec00d37faaa891b3ff7387192cef20f01604e5283a5fabc95346befa/coverage-7.10.7-cp313-cp313t-win32.whl", hash = "sha256:2a78cd46550081a7909b3329e2266204d584866e8d97b898cd7fb5ac8d888b1a", size = 221403, upload-time = "2025-09-21T20:02:37.034Z" },
    { url = "https://files.pythonhosted.org/packages/53/22/3cf25d614e64bf6d8e59c7c669b20d6d940bb337bdee5900b9ca41c820bb/coverage-7.10.7-cp313-cp313t-win_amd64.whl", hash = "sha256:33a5e6396ab684cb43dc7befa386258acb2d7fae7f67330ebb85ba4ea27938eb", size = 222469, upload-time = "2025-09-21T20:02:39.011Z" },
    { url = "https://files.pythonhosted.org/packages/49/a1/00164f6d30d8a01c3c9c48418a7a5be394de5349b421b9ee019f380df2a0/coverage-7.10.7-cp313-cp313t-win_arm64.whl", hash = "sha256:86b0e7308289ddde73d863b7683f596d8d21c7d8664ce1dee061d0bcf3fbb4bb", size = 220731, upload-time = "2025-09-21T20:02:40.939Z" },
    { url = "https://files.pythonhosted.org/packages/23/9c/5844ab4ca6a4dd97a1850e030a15ec7d292b5c5cb93082979225126e35dd/coverage-7.10.7-cp314-cp314-macosx_10_13_x86_64.whl", hash = "sha256:b06f260b16ead11643a5a9f955bd4b5fd76c1a4c6796aeade8520095b75de520", size = 218302, upload-time = "2025-09-21T20:02:42.527Z" },
    { url = "https://files.pythonhosted.org/packages/f0/89/673f6514b0961d1f0e20ddc242e9342f6da21eaba3489901b565c0689f34/coverage-7.10.7-cp314-cp314-macosx_11_0_arm64.whl", hash = "sha256:212f8f2e0612778f09c55dd4872cb1f64a1f2b074393d139278ce902064d5b32", size = 218578, upload-time = "2025-09-21T20:02:44.468Z" },
    { url = "https://files.pythonhosted.org/packages/05/e8/261cae479e85232828fb17ad536765c88dd818c8470aca690b0ac6feeaa3/coverage-7.10.7-cp314-cp314-manylinux1_i686.manylinux_2_28_i686.manylinux_2_5_i686.whl", hash = "sha256:3445258bcded7d4aa630ab8296dea4d3f15a255588dd535f980c193ab6b95f3f", size = 249629, upload-time = "2025-09-21T20:02:46.503Z" },
    { url = "https://files.pythonhosted.org/packages/82/62/14ed6546d0207e6eda876434e3e8475a3e9adbe32110ce896c9e0c06bb9a/coverage-7.10.7-cp314-cp314-manylinux1_x86_64.manylinux_2_28_x86_64.manylinux_2_5_x86_64.whl", hash = "sha256:bb45474711ba385c46a0bfe696c695a929ae69ac636cda8f532be9e8c93d720a", size = 252162, upload-time = "2025-09-21T20:02:48.689Z" },
    { url = "https://files.pythonhosted.org/packages/ff/49/07f00db9ac6478e4358165a08fb41b469a1b053212e8a00cb02f0d27a05f/coverage-7.10.7-cp314-cp314-manylinux2014_aarch64.manylinux_2_17_aarch64.manylinux_2_28_aarch64.whl", hash = "sha256:813922f35bd800dca9994c5971883cbc0d291128a5de6b167c7aa697fcf59360", size = 253517, upload-time = "2025-09-21T20:02:50.31Z" },
    { url = "https://files.pythonhosted.org/packages/a2/59/c5201c62dbf165dfbc91460f6dbbaa85a8b82cfa6131ac45d6c1bfb52deb/coverage-7.10.7-cp314-cp314-manylinux_2_31_riscv64.manylinux_2_39_riscv64.whl", hash = "sha256:93c1b03552081b2a4423091d6fb3787265b8f86af404cff98d1b5342713bdd69", size = 249632, upload-time = "2025-09-21T20:02:51.971Z" },
    { url = "https://files.pythonhosted.org/packages/07/ae/5920097195291a51fb00b3a70b9bbd2edbfe3c84876a1762bd1ef1565ebc/coverage-7.10.7-cp314-cp314-musllinux_1_2_aarch64.whl", hash = "sha256:cc87dd1b6eaf0b848eebb1c86469b9f72a1891cb42ac7adcfbce75eadb13dd14", size = 251520, upload-time = "2025-09-21T20:02:53.858Z" },
    { url = "https://files.pythonhosted.org/packages/b9/3c/a815dde77a2981f5743a60b63df31cb322c944843e57dbd579326625a413/coverage-7.10.7-cp314-cp314-musllinux_1_2_i686.whl", hash = "sha256:39508ffda4f343c35f3236fe8d1a6634a51f4581226a1262769d7f970e73bffe", size = 249455, upload-time = "2025-09-21T20:02:55.807Z" },
    { url = "https://files.pythonhosted.org/packages/aa/99/f5cdd8421ea656abefb6c0ce92556709db2265c41e8f9fc6c8ae0f7824c9/coverage-7.10.7-cp314-cp314-musllinux_1_2_riscv64.whl", hash = "sha256:925a1edf3d810537c5a3abe78ec5530160c5f9a26b1f4270b40e62cc79304a1e", size = 249287, upload-time = "2025-09-21T20:02:57.784Z" },
    { url = "https://files.pythonhosted.org/packages/c3/7a/e9a2da6a1fc5d007dd51fca083a663ab930a8c4d149c087732a5dbaa0029/coverage-7.10.7-cp314-cp314-musllinux_1_2_x86_64.whl", hash = "sha256:2c8b9a0636f94c43cd3576811e05b89aa9bc2d0a85137affc544ae5cb0e4bfbd", size = 250946, upload-time = "2025-09-21T20:02:59.431Z" },
    { url = "https://files.pythonhosted.org/packages/ef/5b/0b5799aa30380a949005a353715095d6d1da81927d6dbed5def2200a4e25/coverage-7.10.7-cp314-cp314-win32.whl", hash = "sha256:b7b8288eb7cdd268b0304632da8cb0bb93fadcfec2fe5712f7b9cc8f4d487be2", size = 221009, upload-time = "2025-09-21T20:03:01.324Z" },
    { url = "https://files.pythonhosted.org/packages/da/b0/e802fbb6eb746de006490abc9bb554b708918b6774b722bb3a0e6aa1b7de/coverage-7.10.7-cp314-cp314-win_amd64.whl", hash = "sha256:1ca6db7c8807fb9e755d0379ccc39017ce0a84dcd26d14b5a03b78563776f681", size = 221804, upload-time = "2025-09-21T20:03:03.4Z" },
    { url = "https://files.pythonhosted.org/packages/9e/e8/71d0c8e374e31f39e3389bb0bd19e527d46f00ea8571ec7ec8fd261d8b44/coverage-7.10.7-cp314-cp314-win_arm64.whl", hash = "sha256:097c1591f5af4496226d5783d036bf6fd6cd0cbc132e071b33861de756efb880", size = 220384, upload-time = "2025-09-21T20:03:05.111Z" },
    { url = "https://files.pythonhosted.org/packages/62/09/9a5608d319fa3eba7a2019addeacb8c746fb50872b57a724c9f79f146969/coverage-7.10.7-cp314-cp314t-macosx_10_13_x86_64.whl", hash = "sha256:a62c6ef0d50e6de320c270ff91d9dd0a05e7250cac2a800b7784bae474506e63", size = 219047, upload-time = "2025-09-21T20:03:06.795Z" },
    { url = "https://files.pythonhosted.org/packages/f5/6f/f58d46f33db9f2e3647b2d0764704548c184e6f5e014bef528b7f979ef84/coverage-7.10.7-cp314-cp314t-macosx_11_0_arm64.whl", hash = "sha256:9fa6e4dd51fe15d8738708a973470f67a855ca50002294852e9571cdbd9433f2", size = 219266, upload-time = "2025-09-21T20:03:08.495Z" },
    { url = "https://files.pythonhosted.org/packages/74/5c/183ffc817ba68e0b443b8c934c8795553eb0c14573813415bd59941ee165/coverage-7.10.7-cp314-cp314t-manylinux1_i686.manylinux_2_28_i686.manylinux_2_5_i686.whl", hash = "sha256:8fb190658865565c549b6b4706856d6a7b09302c797eb2cf8e7fe9dabb043f0d", size = 260767, upload-time = "2025-09-21T20:03:10.172Z" },
    { url = "https://files.pythonhosted.org/packages/0f/48/71a8abe9c1ad7e97548835e3cc1adbf361e743e9d60310c5f75c9e7bf847/coverage-7.10.7-cp314-cp314t-manylinux1_x86_64.manylinux_2_28_x86_64.manylinux_2_5_x86_64.whl", hash = "sha256:affef7c76a9ef259187ef31599a9260330e0335a3011732c4b9effa01e1cd6e0", size = 262931, upload-time = "2025-09-21T20:03:11.861Z" },
    { url = "https://files.pythonhosted.org/packages/84/fd/193a8fb132acfc0a901f72020e54be5e48021e1575bb327d8ee1097a28fd/coverage-7.10.7-cp314-cp314t-manylinux2014_aarch64.manylinux_2_17_aarch64.manylinux_2_28_aarch64.whl", hash = "sha256:6e16e07d85ca0cf8bafe5f5d23a0b850064e8e945d5677492b06bbe6f09cc699", size = 265186, upload-time = "2025-09-21T20:03:13.539Z" },
    { url = "https://files.pythonhosted.org/packages/b1/8f/74ecc30607dd95ad50e3034221113ccb1c6d4e8085cc761134782995daae/coverage-7.10.7-cp314-cp314t-manylinux_2_31_riscv64.manylinux_2_39_riscv64.whl", hash = "sha256:03ffc58aacdf65d2a82bbeb1ffe4d01ead4017a21bfd0454983b88ca73af94b9", size = 259470, upload-time = "2025-09-21T20:03:15.584Z" },
    { url = "https://files.pythonhosted.org/packages/0f/55/79ff53a769f20d71b07023ea115c9167c0bb56f281320520cf64c5298a96/coverage-7.10.7-cp314-cp314t-musllinux_1_2_aarch64.whl", hash = "sha256:1b4fd784344d4e52647fd7857b2af5b3fbe6c239b0b5fa63e94eb67320770e0f", size = 262626, upload-time = "2025-09-21T20:03:17.673Z" },
    { url = "https://files.pythonhosted.org/packages/88/e2/dac66c140009b61ac3fc13af673a574b00c16efdf04f9b5c740703e953c0/coverage-7.10.7-cp314-cp314t-musllinux_1_2_i686.whl", hash = "sha256:0ebbaddb2c19b71912c6f2518e791aa8b9f054985a0769bdb3a53ebbc765c6a1", size = 260386, upload-time = "2025-09-21T20:03:19.36Z" },
    { url = "https://files.pythonhosted.org/packages/a2/f1/f48f645e3f33bb9ca8a496bc4a9671b52f2f353146233ebd7c1df6160440/coverage-7.10.7-cp314-cp314t-musllinux_1_2_riscv64.whl", hash = "sha256:a2d9a3b260cc1d1dbdb1c582e63ddcf5363426a1a68faa0f5da28d8ee3c722a0", size = 258852, upload-time = "2025-09-21T20:03:21.007Z" },
    { url = "https://files.pythonhosted.org/packages/bb/3b/8442618972c51a7affeead957995cfa8323c0c9bcf8fa5a027421f720ff4/coverage-7.10.7-cp314-cp314t-musllinux_1_2_x86_64.whl", hash = "sha256:a3cc8638b2480865eaa3926d192e64ce6c51e3d29c849e09d5b4ad95efae5399", size = 261534, upload-time = "2025-09-21T20:03:23.12Z" },
    { url = "https://files.pythonhosted.org/packages/b2/dc/101f3fa3a45146db0cb03f5b4376e24c0aac818309da23e2de0c75295a91/coverage-7.10.7-cp314-cp314t-win32.whl", hash = "sha256:67f8c5cbcd3deb7a60b3345dffc89a961a484ed0af1f6f73de91705cc6e31235", size = 221784, upload-time = "2025-09-21T20:03:24.769Z" },
    { url = "https://files.pythonhosted.org/packages/4c/a1/74c51803fc70a8a40d7346660379e144be772bab4ac7bb6e6b905152345c/coverage-7.10.7-cp314-cp314t-win_amd64.whl", hash = "sha256:e1ed71194ef6dea7ed2d5cb5f7243d4bcd334bfb63e59878519be558078f848d", size = 222905, upload-time = "2025-09-21T20:03:26.93Z" },
    { url = "https://files.pythonhosted.org/packages/12/65/f116a6d2127df30bcafbceef0302d8a64ba87488bf6f73a6d8eebf060873/coverage-7.10.7-cp314-cp314t-win_arm64.whl", hash = "sha256:7fe650342addd8524ca63d77b2362b02345e5f1a093266787d210c70a50b471a", size = 220922, upload-time = "2025-09-21T20:03:28.672Z" },
    { url = "https://files.pythonhosted.org/packages/ec/16/114df1c291c22cac3b0c127a73e0af5c12ed7bbb6558d310429a0ae24023/coverage-7.10.7-py3-none-any.whl", hash = "sha256:f7941f6f2fe6dd6807a1208737b8a0cbcf1cc6d7b07d24998ad2d63590868260", size = 209952, upload-time = "2025-09-21T20:03:53.918Z" },
]

[package.optional-dependencies]
toml = [
    { name = "tomli", marker = "python_full_version <= '3.11'" },
]

[[package]]
name = "iniconfig"
version = "2.0.0"
source = { registry = "https://pypi.org/simple" }
sdist = { url = "https://files.pythonhosted.org/packages/d7/4b/cbd8e699e64a6f16ca3a8220661b5f83792b3017d0f79807cb8708d33913/iniconfig-2.0.0.tar.gz", hash = "sha256:2d91e135bf72d31a410b17c16da610a82cb55f6b0477d1a902134b24a455b8b3", size = 4646, upload-time = "2023-01-07T11:08:11.254Z" }
wheels = [
    { url = "https://files.pythonhosted.org/packages/ef/a6/62565a6e1cf69e10f5727360368e451d4b7f58beeac6173dc9db836a5b46/iniconfig-2.0.0-py3-none-any.whl", hash = "sha256:b6a85871a79d2e3b22d2d1b94ac2824226a63c6b741c88f7ae975f18b6778374", size = 5892, upload-time = "2023-01-07T11:08:09.864Z" },
]

[[package]]
name = "mypy"
version = "1.18.2"
source = { registry = "https://pypi.org/simple" }
dependencies = [
    { name = "mypy-extensions" },
    { name = "pathspec" },
    { name = "typing-extensions" },
]
sdist = { url = "https://files.pythonhosted.org/packages/c0/77/8f0d0001ffad290cef2f7f216f96c814866248a0b92a722365ed54648e7e/mypy-1.18.2.tar.gz", hash = "sha256:06a398102a5f203d7477b2923dda3634c36727fa5c237d8f859ef90c42a9924b", size = 3448846, upload-time = "2025-09-19T00:11:10.519Z" }
wheels = [
    { url = "https://files.pythonhosted.org/packages/88/87/cafd3ae563f88f94eec33f35ff722d043e09832ea8530ef149ec1efbaf08/mypy-1.18.2-cp311-cp311-macosx_10_9_x86_64.whl", hash = "sha256:807d9315ab9d464125aa9fcf6d84fde6e1dc67da0b6f80e7405506b8ac72bc7f", size = 12731198, upload-time = "2025-09-19T00:09:44.857Z" },
    { url = "https://files.pythonhosted.org/packages/0f/e0/1e96c3d4266a06d4b0197ace5356d67d937d8358e2ee3ffac71faa843724/mypy-1.18.2-cp311-cp311-macosx_11_0_arm64.whl", hash = "sha256:776bb00de1778caf4db739c6e83919c1d85a448f71979b6a0edd774ea8399341", size = 11817879, upload-time = "2025-09-19T00:09:47.131Z" },
    { url = "https://files.pythonhosted.org/packages/72/ef/0c9ba89eb03453e76bdac5a78b08260a848c7bfc5d6603634774d9cd9525/mypy-1.18.2-cp311-cp311-manylinux2014_aarch64.manylinux_2_17_aarch64.manylinux_2_28_aarch64.whl", hash = "sha256:1379451880512ffce14505493bd9fe469e0697543717298242574882cf8cdb8d", size = 12427292, upload-time = "2025-09-19T00:10:22.472Z" },
    { url = "https://files.pythonhosted.org/packages/1a/52/ec4a061dd599eb8179d5411d99775bec2a20542505988f40fc2fee781068/mypy-1.18.2-cp311-cp311-manylinux2014_x86_64.manylinux_2_17_x86_64.manylinux_2_28_x86_64.whl", hash = "sha256:1331eb7fd110d60c24999893320967594ff84c38ac6d19e0a76c5fd809a84c86", size = 13163750, upload-time = "2025-09-19T00:09:51.472Z" },
    { url = "https://files.pythonhosted.org/packages/c4/5f/2cf2ceb3b36372d51568f2208c021870fe7834cf3186b653ac6446511839/mypy-1.18.2-cp311-cp311-musllinux_1_2_x86_64.whl", hash = "sha256:3ca30b50a51e7ba93b00422e486cbb124f1c56a535e20eff7b2d6ab72b3b2e37", size = 13351827, upload-time = "2025-09-19T00:09:58.311Z" },
    { url = "https://files.pythonhosted.org/packages/c8/7d/2697b930179e7277529eaaec1513f8de622818696857f689e4a5432e5e27/mypy-1.18.2-cp311-cp311-win_amd64.whl", hash = "sha256:664dc726e67fa54e14536f6e1224bcfce1d9e5ac02426d2326e2bb4e081d1ce8", size = 9757983, upload-time = "2025-09-19T00:10:09.071Z" },
    { url = "https://files.pythonhosted.org/packages/07/06/dfdd2bc60c66611dd8335f463818514733bc763e4760dee289dcc33df709/mypy-1.18.2-cp312-cp312-macosx_10_13_x86_64.whl", hash = "sha256:33eca32dd124b29400c31d7cf784e795b050ace0e1f91b8dc035672725617e34", size = 12908273, upload-time = "2025-09-19T00:10:58.321Z" },
    { url = "https://files.pythonhosted.org/packages/81/14/6a9de6d13a122d5608e1a04130724caf9170333ac5a924e10f670687d3eb/mypy-1.18.2-cp312-cp312-macosx_11_0_arm64.whl", hash = "sha256:a3c47adf30d65e89b2dcd2fa32f3aeb5e94ca970d2c15fcb25e297871c8e4764", size = 11920910, upload-time = "2025-09-19T00:10:20.043Z" },
    { url = "https://files.pythonhosted.org/packages/5f/a9/b29de53e42f18e8cc547e38daa9dfa132ffdc64f7250e353f5c8cdd44bee/mypy-1.18.2-cp312-cp312-manylinux2014_aarch64.manylinux_2_17_aarch64.manylinux_2_28_aarch64.whl", hash = "sha256:5d6c838e831a062f5f29d11c9057c6009f60cb294fea33a98422688181fe2893", size = 12465585, upload-time = "2025-09-19T00:10:33.005Z" },
    { url = "https://files.pythonhosted.org/packages/77/ae/6c3d2c7c61ff21f2bee938c917616c92ebf852f015fb55917fd6e2811db2/mypy-1.18.2-cp312-cp312-manylinux2014_x86_64.manylinux_2_17_x86_64.manylinux_2_28_x86_64.whl", hash = "sha256:01199871b6110a2ce984bde85acd481232d17413868c9807e95c1b0739a58914", size = 13348562, upload-time = "2025-09-19T00:10:11.51Z" },
    { url = "https://files.pythonhosted.org/packages/4d/31/aec68ab3b4aebdf8f36d191b0685d99faa899ab990753ca0fee60fb99511/mypy-1.18.2-cp312-cp312-musllinux_1_2_x86_64.whl", hash = "sha256:a2afc0fa0b0e91b4599ddfe0f91e2c26c2b5a5ab263737e998d6817874c5f7c8", size = 13533296, upload-time = "2025-09-19T00:10:06.568Z" },
    { url = "https://files.pythonhosted.org/packages/9f/83/abcb3ad9478fca3ebeb6a5358bb0b22c95ea42b43b7789c7fb1297ca44f4/mypy-1.18.2-cp312-cp312-win_amd64.whl", hash = "sha256:d8068d0afe682c7c4897c0f7ce84ea77f6de953262b12d07038f4d296d547074", size = 9828828, upload-time = "2025-09-19T00:10:28.203Z" },
    { url = "https://files.pythonhosted.org/packages/5f/04/7f462e6fbba87a72bc8097b93f6842499c428a6ff0c81dd46948d175afe8/mypy-1.18.2-cp313-cp313-macosx_10_13_x86_64.whl", hash = "sha256:07b8b0f580ca6d289e69209ec9d3911b4a26e5abfde32228a288eb79df129fcc", size = 12898728, upload-time = "2025-09-19T00:10:01.33Z" },
    { url = "https://files.pythonhosted.org/packages/99/5b/61ed4efb64f1871b41fd0b82d29a64640f3516078f6c7905b68ab1ad8b13/mypy-1.18.2-cp313-cp313-macosx_11_0_arm64.whl", hash = "sha256:ed4482847168439651d3feee5833ccedbf6657e964572706a2adb1f7fa4dfe2e", size = 11910758, upload-time = "2025-09-19T00:10:42.607Z" },
    { url = "https://files.pythonhosted.org/packages/3c/46/d297d4b683cc89a6e4108c4250a6a6b717f5fa96e1a30a7944a6da44da35/mypy-1.18.2-cp313-cp313-manylinux2014_aarch64.manylinux_2_17_aarch64.manylinux_2_28_aarch64.whl", hash = "sha256:c3ad2afadd1e9fea5cf99a45a822346971ede8685cc581ed9cd4d42eaf940986", size = 12475342, upload-time = "2025-09-19T00:11:00.371Z" },
    { url = "https://files.pythonhosted.org/packages/83/45/4798f4d00df13eae3bfdf726c9244bcb495ab5bd588c0eed93a2f2dd67f3/mypy-1.18.2-cp313-cp313-manylinux2014_x86_64.manylinux_2_17_x86_64.manylinux_2_28_x86_64.whl", hash = "sha256:a431a6f1ef14cf8c144c6b14793a23ec4eae3db28277c358136e79d7d062f62d", size = 13338709, upload-time = "2025-09-19T00:11:03.358Z" },
    { url = "https://files.pythonhosted.org/packages/d7/09/479f7358d9625172521a87a9271ddd2441e1dab16a09708f056e97007207/mypy-1.18.2-cp313-cp313-musllinux_1_2_x86_64.whl", hash = "sha256:7ab28cc197f1dd77a67e1c6f35cd1f8e8b73ed2217e4fc005f9e6a504e46e7ba", size = 13529806, upload-time = "2025-09-19T00:10:26.073Z" },
    { url = "https://files.pythonhosted.org/packages/71/cf/ac0f2c7e9d0ea3c75cd99dff7aec1c9df4a1376537cb90e4c882267ee7e9/mypy-1.18.2-cp313-cp313-win_amd64.whl", hash = "sha256:0e2785a84b34a72ba55fb5daf079a1003a34c05b22238da94fcae2bbe46f3544", size = 9833262, upload-time = "2025-09-19T00:10:40.035Z" },
    { url = "https://files.pythonhosted.org/packages/5a/0c/7d5300883da16f0063ae53996358758b2a2df2a09c72a5061fa79a1f5006/mypy-1.18.2-cp314-cp314-macosx_10_13_x86_64.whl", hash = "sha256:62f0e1e988ad41c2a110edde6c398383a889d95b36b3e60bcf155f5164c4fdce", size = 12893775, upload-time = "2025-09-19T00:10:03.814Z" },
    { url = "https://files.pythonhosted.org/packages/50/df/2cffbf25737bdb236f60c973edf62e3e7b4ee1c25b6878629e88e2cde967/mypy-1.18.2-cp314-cp314-macosx_11_0_arm64.whl", hash = "sha256:8795a039bab805ff0c1dfdb8cd3344642c2b99b8e439d057aba30850b8d3423d", size = 11936852, upload-time = "2025-09-19T00:10:51.631Z" },
    { url = "https://files.pythonhosted.org/packages/be/50/34059de13dd269227fb4a03be1faee6e2a4b04a2051c82ac0a0b5a773c9a/mypy-1.18.2-cp314-cp314-manylinux2014_aarch64.manylinux_2_17_aarch64.manylinux_2_28_aarch64.whl", hash = "sha256:6ca1e64b24a700ab5ce10133f7ccd956a04715463d30498e64ea8715236f9c9c", size = 12480242, upload-time = "2025-09-19T00:11:07.955Z" },
    { url = "https://files.pythonhosted.org/packages/5b/11/040983fad5132d85914c874a2836252bbc57832065548885b5bb5b0d4359/mypy-1.18.2-cp314-cp314-manylinux2014_x86_64.manylinux_2_17_x86_64.manylinux_2_28_x86_64.whl", hash = "sha256:d924eef3795cc89fecf6bedc6ed32b33ac13e8321344f6ddbf8ee89f706c05cb", size = 13326683, upload-time = "2025-09-19T00:09:55.572Z" },
    { url = "https://files.pythonhosted.org/packages/e9/ba/89b2901dd77414dd7a8c8729985832a5735053be15b744c18e4586e506ef/mypy-1.18.2-cp314-cp314-musllinux_1_2_x86_64.whl", hash = "sha256:20c02215a080e3a2be3aa50506c67242df1c151eaba0dcbc1e4e557922a26075", size = 13514749, upload-time = "2025-09-19T00:10:44.827Z" },
    { url = "https://files.pythonhosted.org/packages/25/bc/cc98767cffd6b2928ba680f3e5bc969c4152bf7c2d83f92f5a504b92b0eb/mypy-1.18.2-cp314-cp314-win_amd64.whl", hash = "sha256:749b5f83198f1ca64345603118a6f01a4e99ad4bf9d103ddc5a3200cc4614adf", size = 9982959, upload-time = "2025-09-19T00:10:37.344Z" },
    { url = "https://files.pythonhosted.org/packages/87/e3/be76d87158ebafa0309946c4a73831974d4d6ab4f4ef40c3b53a385a66fd/mypy-1.18.2-py3-none-any.whl", hash = "sha256:22a1748707dd62b58d2ae53562ffc4d7f8bcc727e8ac7cbc69c053ddc874d47e", size = 2352367, upload-time = "2025-09-19T00:10:15.489Z" },
]

[[package]]
name = "mypy-extensions"
version = "1.1.0"
source = { registry = "https://pypi.org/simple" }
sdist = { url = "https://files.pythonhosted.org/packages/a2/6e/371856a3fb9d31ca8dac321cda606860fa4548858c0cc45d9d1d4ca2628b/mypy_extensions-1.1.0.tar.gz", hash = "sha256:52e68efc3284861e772bbcd66823fde5ae21fd2fdb51c62a211403730b916558", size = 6343, upload-time = "2025-04-22T14:54:24.164Z" }
wheels = [
    { url = "https://files.pythonhosted.org/packages/79/7b/2c79738432f5c924bef5071f933bcc9efd0473bac3b4aa584a6f7c1c8df8/mypy_extensions-1.1.0-py3-none-any.whl", hash = "sha256:1be4cccdb0f2482337c4743e60421de3a356cd97508abadd57d47403e94f5505", size = 4963, upload-time = "2025-04-22T14:54:22.983Z" },
]

[[package]]
name = "packaging"
version = "24.1"
source = { registry = "https://pypi.org/simple" }
sdist = { url = "https://files.pythonhosted.org/packages/51/65/50db4dda066951078f0a96cf12f4b9ada6e4b811516bf0262c0f4f7064d4/packaging-24.1.tar.gz", hash = "sha256:026ed72c8ed3fcce5bf8950572258698927fd1dbda10a5e981cdf0ac37f4f002", size = 148788, upload-time = "2024-06-09T23:19:24.956Z" }
wheels = [
    { url = "https://files.pythonhosted.org/packages/08/aa/cc0199a5f0ad350994d660967a8efb233fe0416e4639146c089643407ce6/packaging-24.1-py3-none-any.whl", hash = "sha256:5b8f2217dbdbd2f7f384c41c628544e6d52f2d0f53c6d0c3ea61aa5d1d7ff124", size = 53985, upload-time = "2024-06-09T23:19:21.909Z" },
]

[[package]]
name = "pathspec"
version = "0.12.1"
source = { registry = "https://pypi.org/simple" }
sdist = { url = "https://files.pythonhosted.org/packages/ca/bc/f35b8446f4531a7cb215605d100cd88b7ac6f44ab3fc94870c120ab3adbf/pathspec-0.12.1.tar.gz", hash = "sha256:a482d51503a1ab33b1c67a6c3813a26953dbdc71c31dacaef9a838c4e29f5712", size = 51043, upload-time = "2023-12-10T22:30:45Z" }
wheels = [
    { url = "https://files.pythonhosted.org/packages/cc/20/ff623b09d963f88bfde16306a54e12ee5ea43e9b597108672ff3a408aad6/pathspec-0.12.1-py3-none-any.whl", hash = "sha256:a0d503e138a4c123b27490a4f7beda6a01c6f288df0e4a8b79c7eb0dc7b4cc08", size = 31191, upload-time = "2023-12-10T22:30:43.14Z" },
]

[[package]]
name = "pluggy"
version = "1.5.0"
source = { registry = "https://pypi.org/simple" }
sdist = { url = "https://files.pythonhosted.org/packages/96/2d/02d4312c973c6050a18b314a5ad0b3210edb65a906f868e31c111dede4a6/pluggy-1.5.0.tar.gz", hash = "sha256:2cffa88e94fdc978c4c574f15f9e59b7f4201d439195c3715ca9e2486f1d0cf1", size = 67955, upload-time = "2024-04-20T21:34:42.531Z" }
wheels = [
    { url = "https://files.pythonhosted.org/packages/88/5f/e351af9a41f866ac3f1fac4ca0613908d9a41741cfcf2228f4ad853b697d/pluggy-1.5.0-py3-none-any.whl", hash = "sha256:44e1ad92c8ca002de6377e165f3e0f1be63266ab4d554740532335b9d75ea669", size = 20556, upload-time = "2024-04-20T21:34:40.434Z" },
]

[[package]]
name = "pytest"
version = "8.2.2"
source = { registry = "https://pypi.org/simple" }
dependencies = [
    { name = "colorama", marker = "sys_platform == 'win32'" },
    { name = "iniconfig" },
    { name = "packaging" },
    { name = "pluggy" },
]
sdist = { url = "https://files.pythonhosted.org/packages/a6/58/e993ca5357553c966b9e73cb3475d9c935fe9488746e13ebdf9b80fae508/pytest-8.2.2.tar.gz", hash = "sha256:de4bb8104e201939ccdc688b27a89a7be2079b22e2bd2b07f806b6ba71117977", size = 1427980, upload-time = "2024-06-04T13:38:09.274Z" }
wheels = [
    { url = "https://files.pythonhosted.org/packages/4e/e7/81ebdd666d3bff6670d27349b5053605d83d55548e6bd5711f3b0ae7dd23/pytest-8.2.2-py3-none-any.whl", hash = "sha256:c434598117762e2bd304e526244f67bf66bbd7b5d6cf22138be51ff661980343", size = 339873, upload-time = "2024-06-04T13:38:05.285Z" },
]

[[package]]
name = "pytest-cov"
version = "7.0.0"
source = { registry = "https://pypi.org/simple" }
dependencies = [
    { name = "coverage", extra = ["toml"] },
    { name = "pluggy" },
    { name = "pytest" },
]
sdist = { url = "https://files.pythonhosted.org/packages/5e/f7/c933acc76f5208b3b00089573cf6a2bc26dc80a8aece8f52bb7d6b1855ca/pytest_cov-7.0.0.tar.gz", hash = "sha256:33c97eda2e049a0c5298e91f519302a1334c26ac65c1a483d6206fd458361af1", size = 54328, upload-time = "2025-09-09T10:57:02.113Z" }
wheels = [
    { url = "https://files.pythonhosted.org/packages/ee/49/1377b49de7d0c1ce41292161ea0f721913fa8722c19fb9c1e3aa0367eecb/pytest_cov-7.0.0-py3-none-any.whl", hash = "sha256:3b8e9558b16cc1479da72058bdecf8073661c7f57f7d3c5f22a1c23507f2d861", size = 22424, upload-time = "2025-09-09T10:57:00.695Z" },
]

[[package]]
name = "pytest-sugar"
version = "1.0.0"
source = { registry = "https://pypi.org/simple" }
dependencies = [
    { name = "packaging" },
    { name = "pytest" },
    { name = "termcolor" },
]
sdist = { url = "https://files.pythonhosted.org/packages/f5/ac/5754f5edd6d508bc6493bc37d74b928f102a5fff82d9a80347e180998f08/pytest-sugar-1.0.0.tar.gz", hash = "sha256:6422e83258f5b0c04ce7c632176c7732cab5fdb909cb39cca5c9139f81276c0a", size = 14992, upload-time = "2024-02-01T18:30:36.735Z" }
wheels = [
    { url = "https://files.pythonhosted.org/packages/92/fb/889f1b69da2f13691de09a111c16c4766a433382d44aa0ecf221deded44a/pytest_sugar-1.0.0-py3-none-any.whl", hash = "sha256:70ebcd8fc5795dc457ff8b69d266a4e2e8a74ae0c3edc749381c64b5246c8dfd", size = 10171, upload-time = "2024-02-01T18:30:29.395Z" },
]

[[package]]
name = "ruff"
version = "0.5.2"
source = { registry = "https://pypi.org/simple" }
sdist = { url = "https://files.pythonhosted.org/packages/79/6c/147f04f6a799f659cc810352742994e51441b14c7a5621e285d021261388/ruff-0.5.2.tar.gz", hash = "sha256:2c0df2d2de685433794a14d8d2e240df619b748fbe3367346baa519d8e6f1ca2", size = 2596910, upload-time = "2024-07-14T15:11:09.542Z" }
wheels = [
    { url = "https://files.pythonhosted.org/packages/3b/05/9ec81c397be41596e4329b340780d56bfa9ad1cb95247148bf9859edf575/ruff-0.5.2-py3-none-linux_armv6l.whl", hash = "sha256:7bab8345df60f9368d5f4594bfb8b71157496b44c30ff035d1d01972e764d3be", size = 9482764, upload-time = "2024-07-14T15:10:00.781Z" },
    { url = "https://files.pythonhosted.org/packages/f3/ea/ebf3ea51ad48abfc6e0bbb762e71b0ffc6220a6fb8735cb09bd5aca7c52e/ruff-0.5.2-py3-none-macosx_10_12_x86_64.whl", hash = "sha256:1aa7acad382ada0189dbe76095cf0a36cd0036779607c397ffdea16517f535b1", size = 8612665, upload-time = "2024-07-14T15:10:09.369Z" },
    { url = "https://files.pythonhosted.org/packages/0f/52/9e7868770615c16be60549746ad6f48f483320f7ecf5a294f4f051f4e7d4/ruff-0.5.2-py3-none-macosx_11_0_arm64.whl", hash = "sha256:aec618d5a0cdba5592c60c2dee7d9c865180627f1a4a691257dea14ac1aa264d", size = 8191223, upload-time = "2024-07-14T15:10:13.613Z" },
    { url = "https://files.pythonhosted.org/packages/7a/9d/c880e41895b9bc48bf7051c81bcf270d2f6eebdce3c8f02c72fdef582d20/ruff-0.5.2-py3-none-manylinux_2_17_aarch64.manylinux2014_aarch64.whl", hash = "sha256:a0b62adc5ce81780ff04077e88bac0986363e4a3260ad3ef11ae9c14aa0e67ef", size = 9972748, upload-time = "2024-07-14T15:10:17.49Z" },
    { url = "https://files.pythonhosted.org/packages/0c/0b/17a0730f425f7f630446978b880ac0ad62a7c7e20fb4e21d2ab0a5154887/ruff-0.5.2-py3-none-manylinux_2_17_armv7l.manylinux2014_armv7l.whl", hash = "sha256:dc42ebf56ede83cb080a50eba35a06e636775649a1ffd03dc986533f878702a3", size = 9289379, upload-time = "2024-07-14T15:10:20.848Z" },
    { url = "https://files.pythonhosted.org/packages/67/c4/1dcdc4a381aa07509d15dd78ec65e8fedd14c0a70a674ca3bbafa48502ed/ruff-0.5.2-py3-none-manylinux_2_17_i686.manylinux2014_i686.whl", hash = "sha256:c15c6e9f88c67ffa442681365d11df38afb11059fc44238e71a9d9f1fd51de70", size = 10087604, upload-time = "2024-07-14T15:10:25.099Z" },
    { url = "https://files.pythonhosted.org/packages/a8/fc/2707aa15de9e2485f024535b0fe239013d1be13bb475050f3e21b33109c9/ruff-0.5.2-py3-none-manylinux_2_17_ppc64.manylinux2014_ppc64.whl", hash = "sha256:d3de9a5960f72c335ef00763d861fc5005ef0644cb260ba1b5a115a102157251", size = 10875118, upload-time = "2024-07-14T15:10:28.697Z" },
    { url = "https://files.pythonhosted.org/packages/ef/db/4890a8c350b3fad767c663991052ba5ce42feae05f433fbf73acc3d1e8c3/ruff-0.5.2-py3-none-manylinux_2_17_ppc64le.manylinux2014_ppc64le.whl", hash = "sha256:fe5a968ae933e8f7627a7b2fc8893336ac2be0eb0aace762d3421f6e8f7b7f83", size = 10464801, upload-time = "2024-07-14T15:10:32.521Z" },
    { url = "https://files.pythonhosted.org/packages/d5/30/0018669eb5a0bfd42d4be1d961fa4533bba1926ba83b8cf3e50223ee7d21/ruff-0.5.2-py3-none-manylinux_2_17_s390x.manylinux2014_s390x.whl", hash = "sha256:a04f54a9018f75615ae52f36ea1c5515e356e5d5e214b22609ddb546baef7132", size = 11356413, upload-time = "2024-07-14T15:10:36.053Z" },
    { url = "https://files.pythonhosted.org/packages/ec/60/e2a9ae058b34128caa5f863f268e1c9bd083793264f4bf7e8e469be651f9/ruff-0.5.2-py3-none-manylinux_2_17_x86_64.manylinux2014_x86_64.whl", hash = "sha256:1ed02fb52e3741f0738db5f93e10ae0fb5c71eb33a4f2ba87c9a2fa97462a649", size = 10123340, upload-time = "2024-07-14T15:10:40.228Z" },
    { url = "https://files.pythonhosted.org/packages/1c/fd/83b9f0107f5d0eea1c4b3a98655d789586d8e2662819df011a7964efa675/ruff-0.5.2-py3-none-musllinux_1_2_aarch64.whl", hash = "sha256:3cf8fe659f6362530435d97d738eb413e9f090e7e993f88711b0377fbdc99f60", size = 9940668, upload-time = "2024-07-14T15:10:44.013Z" },
    { url = "https://files.pythonhosted.org/packages/11/75/2a98e9348bed95e0a121c3e1693c335530ef70280a364cf17f1d2da947cd/ruff-0.5.2-py3-none-musllinux_1_2_armv7l.whl", hash = "sha256:237a37e673e9f3cbfff0d2243e797c4862a44c93d2f52a52021c1a1b0899f846", size = 9380450, upload-time = "2024-07-14T15:10:47.42Z" },
    { url = "https://files.pythonhosted.org/packages/0e/77/474f883393954f2323febd5cf7c96bfe8c684561f8d22ca843e90d122d73/ruff-0.5.2-py3-none-musllinux_1_2_i686.whl", hash = "sha256:2a2949ce7c1cbd8317432ada80fe32156df825b2fd611688814c8557824ef060", size = 9718297, upload-time = "2024-07-14T15:10:50.869Z" },
    { url = "https://files.pythonhosted.org/packages/b2/5a/72b3a1ddefbc7ccb382bcf9668648a6f1fdc4bfcc3d6687f14e6feb40636/ruff-0.5.2-py3-none-musllinux_1_2_x86_64.whl", hash = "sha256:481af57c8e99da92ad168924fd82220266043c8255942a1cb87958b108ac9335", size = 10221735, upload-time = "2024-07-14T15:10:55.139Z" },
    { url = "https://files.pythonhosted.org/packages/bc/22/7aa3fb2b95dda4d485e5e5f15041679d3170a31b9317b24c6182f4c8faf1/ruff-0.5.2-py3-none-win32.whl", hash = "sha256:f1aea290c56d913e363066d83d3fc26848814a1fed3d72144ff9c930e8c7c718", size = 7786506, upload-time = "2024-07-14T15:10:58.814Z" },
    { url = "https://files.pythonhosted.org/packages/a8/a0/f28c8380f4eff7451896618ca0cce097e65aef150c60c298a0b5c9f40311/ruff-0.5.2-py3-none-win_amd64.whl", hash = "sha256:8532660b72b5d94d2a0a7a27ae7b9b40053662d00357bb2a6864dd7e38819084", size = 8583643, upload-time = "2024-07-14T15:11:01.928Z" },
    { url = "https://files.pythonhosted.org/packages/b5/c3/dd06a34c98fc887a8c027e1b17e7ceca479db98b24d3a2d98f8239f0ee71/ruff-0.5.2-py3-none-win_arm64.whl", hash = "sha256:73439805c5cb68f364d826a5c5c4b6c798ded6b7ebaa4011f01ce6c94e4d5583", size = 8012737, upload-time = "2024-07-14T15:11:05.641Z" },
]

[[package]]
name = "termcolor"
version = "2.4.0"
source = { registry = "https://pypi.org/simple" }
sdist = { url = "https://files.pythonhosted.org/packages/10/56/d7d66a84f96d804155f6ff2873d065368b25a07222a6fd51c4f24ef6d764/termcolor-2.4.0.tar.gz", hash = "sha256:aab9e56047c8ac41ed798fa36d892a37aca6b3e9159f3e0c24bc64a9b3ac7b7a", size = 12664, upload-time = "2023-12-01T11:04:51.66Z" }
wheels = [
    { url = "https://files.pythonhosted.org/packages/d9/5f/8c716e47b3a50cbd7c146f45881e11d9414def768b7cd9c5e6650ec2a80a/termcolor-2.4.0-py3-none-any.whl", hash = "sha256:9297c0df9c99445c2412e832e882a7884038a25617c60cea2ad69488d4040d63", size = 7719, upload-time = "2023-12-01T11:04:50.019Z" },
]

[[package]]
name = "tomli"
version = "2.0.1"
source = { registry = "https://pypi.org/simple" }
sdist = { url = "https://files.pythonhosted.org/packages/c0/3f/d7af728f075fb08564c5949a9c95e44352e23dee646869fa104a3b2060a3/tomli-2.0.1.tar.gz", hash = "sha256:de526c12914f0c550d15924c62d72abc48d6fe7364aa87328337a31007fe8a4f", size = 15164, upload-time = "2022-02-08T10:54:04.006Z" }
wheels = [
    { url = "https://files.pythonhosted.org/packages/97/75/10a9ebee3fd790d20926a90a2547f0bf78f371b2f13aa822c759680ca7b9/tomli-2.0.1-py3-none-any.whl", hash = "sha256:939de3e7a6161af0c887ef91b7d41a53e7c5a1ca976325f429cb46ea9bc30ecc", size = 12757, upload-time = "2022-02-08T10:54:02.017Z" },
]

[[package]]
name = "typing-extensions"
version = "4.15.0"
source = { registry = "https://pypi.org/simple" }
sdist = { url = "https://files.pythonhosted.org/packages/72/94/1a15dd82efb362ac84269196e94cf00f187f7ed21c242792a923cdb1c61f/typing_extensions-4.15.0.tar.gz", hash = "sha256:0cea48d173cc12fa28ecabc3b837ea3cf6f38c6d1136f85cbaaf598984861466", size = 109391, upload-time = "2025-08-25T13:49:26.313Z" }
wheels = [
    { url = "https://files.pythonhosted.org/packages/18/67/36e9267722cc04a6b9f15c7f3441c2363321a3ea07da7ae0c0707beb2a9c/typing_extensions-4.15.0-py3-none-any.whl", hash = "sha256:f0fa19c6845758ab08074a0cfa8b7aecb71c999ca73d62883bc25cc018c4e548", size = 44614, upload-time = "2025-08-25T13:49:24.86Z" },
]
